
Microsoft Visual Studio Solution File, Format Version 12.00
# Visual Studio Version 17
VisualStudioVersion = 17.3.32901.215
MinimumVisualStudioVersion = 10.0.40219.1
Project("{9A19103F-16F7-4668-BE54-9A1E7A4F7556}") = "IMP.EFCore", "IMP.EFCore\IMP.EFCore.csproj", "{781E0B58-274E-4F9C-BC02-7520F0DBB3F8}"
EndProject
Project("{9A19103F-16F7-4668-BE54-9A1E7A4F7556}") = "IMP.AppServices", "IMP.AppServices\IMP.AppServices.csproj", "{4A2DFC7C-B775-4253-AD2B-13B3D6819189}"
EndProject
Project("{9A19103F-16F7-4668-BE54-9A1E7A4F7556}") = "IMP.Infrastructure", "IMP.Infrastructure\IMP.Infrastructure.csproj", "{2BEE5A35-04AA-4D58-BA76-F70035F5C445}"
EndProject
Project("{FAE04EC0-301F-11D3-BF4B-00C04F79EFBC}") = "IMP.API", "IMP.API\IMP.API.csproj", "{43E05B9E-CD87-453D-A9FE-0613F468B56C}"
EndProject
Global
	GlobalSection(SolutionConfigurationPlatforms) = preSolution
		Debug|Any CPU = Debug|Any CPU
		Release|Any CPU = Release|Any CPU
	EndGlobalSection
	GlobalSection(ProjectConfigurationPlatforms) = postSolution
		{781E0B58-274E-4F9C-BC02-7520F0DBB3F8}.Debug|Any CPU.ActiveCfg = Debug|Any CPU
		{781E0B58-274E-4F9C-BC02-7520F0DBB3F8}.Debug|Any CPU.Build.0 = Debug|Any CPU
		{781E0B58-274E-4F9C-BC02-7520F0DBB3F8}.Release|Any CPU.ActiveCfg = Release|Any CPU
		{781E0B58-274E-4F9C-BC02-7520F0DBB3F8}.Release|Any CPU.Build.0 = Release|Any CPU
		{4A2DFC7C-B775-4253-AD2B-13B3D6819189}.Debug|Any CPU.ActiveCfg = Debug|Any CPU
		{4A2DFC7C-B775-4253-AD2B-13B3D6819189}.Debug|Any CPU.Build.0 = Debug|Any CPU
		{4A2DFC7C-B775-4253-AD2B-13B3D6819189}.Release|Any CPU.ActiveCfg = Release|Any CPU
		{4A2DFC7C-B775-4253-AD2B-13B3D6819189}.Release|Any CPU.Build.0 = Release|Any CPU
		{2BEE5A35-04AA-4D58-BA76-F70035F5C445}.Debug|Any CPU.ActiveCfg = Debug|Any CPU
		{2BEE5A35-04AA-4D58-BA76-F70035F5C445}.Debug|Any CPU.Build.0 = Debug|Any CPU
		{2BEE5A35-04AA-4D58-BA76-F70035F5C445}.Release|Any CPU.ActiveCfg = Release|Any CPU
		{2BEE5A35-04AA-4D58-BA76-F70035F5C445}.Release|Any CPU.Build.0 = Release|Any CPU
		{43E05B9E-CD87-453D-A9FE-0613F468B56C}.Debug|Any CPU.ActiveCfg = Debug|Any CPU
		{43E05B9E-CD87-453D-A9FE-0613F468B56C}.Debug|Any CPU.Build.0 = Debug|Any CPU
		{43E05B9E-CD87-453D-A9FE-0613F468B56C}.Release|Any CPU.ActiveCfg = Release|Any CPU
		{43E05B9E-CD87-453D-A9FE-0613F468B56C}.Release|Any CPU.Build.0 = Release|Any CPU
	EndGlobalSection
	GlobalSection(SolutionProperties) = preSolution
		HideSolutionNode = FALSE
	EndGlobalSection
	GlobalSection(ExtensibilityGlobals) = postSolution
		SolutionGuid = {7B701220-76DB-48EF-895A-EAB908546E14}
	EndGlobalSection
EndGlobal
